
Microsoft Visual Studio Solution File, Format Version 12.00
# Visual Studio Version 16
VisualStudioVersion = 16.0.33214.272
MinimumVisualStudioVersion = 10.0.40219.1
Project("{FAE04EC0-301F-11D3-BF4B-00C04F79EFBC}") = "Project_Youtube", "Project_Youtube\Project_Youtube.csproj", "{CF2CDF46-9901-415A-A031-95D6B071DF70}"
EndProject
Global
	GlobalSection(SolutionConfigurationPlatforms) = preSolution
		Debug|Any CPU = Debug|Any CPU
		Release|Any CPU = Release|Any CPU
	EndGlobalSection
	GlobalSection(ProjectConfigurationPlatforms) = postSolution
		{CF2CDF46-9901-415A-A031-95D6B071DF70}.Debug|Any CPU.ActiveCfg = Debug|Any CPU
		{CF2CDF46-9901-415A-A031-95D6B071DF70}.Debug|Any CPU.Build.0 = Debug|Any CPU
		{CF2CDF46-9901-415A-A031-95D6B071DF70}.Release|Any CPU.ActiveCfg = Release|Any CPU
		{CF2CDF46-9901-415A-A031-95D6B071DF70}.Release|Any CPU.Build.0 = Release|Any CPU
	EndGlobalSection
	GlobalSection(SolutionProperties) = preSolution
		HideSolutionNode = FALSE
	EndGlobalSection
	GlobalSection(ExtensibilityGlobals) = postSolution
		SolutionGuid = {254BD5A7-BED7-494A-9595-33AB7019E9BD}
	EndGlobalSection
EndGlobal
